
Microsoft Visual Studio Solution File, Format Version 12.00
# Visual Studio Version 17
VisualStudioVersion = 17.0.32126.317
MinimumVisualStudioVersion = 10.0.40219.1
Project("{FAE04EC0-301F-11D3-BF4B-00C04F79EFBC}") = "WebApplication1", "WebApplication1\WebApplication1.csproj", "{08C9E7B6-36E8-4806-B9C6-140CA94B07FF}"
EndProject
Global
	GlobalSection(SolutionConfigurationPlatforms) = preSolution
		Debug|Any CPU = Debug|Any CPU
		Release|Any CPU = Release|Any CPU
	EndGlobalSection
	GlobalSection(ProjectConfigurationPlatforms) = postSolution
		{08C9E7B6-36E8-4806-B9C6-140CA94B07FF}.Debug|Any CPU.ActiveCfg = Debug|Any CPU
		{08C9E7B6-36E8-4806-B9C6-140CA94B07FF}.Debug|Any CPU.Build.0 = Debug|Any CPU
		{08C9E7B6-36E8-4806-B9C6-140CA94B07FF}.Release|Any CPU.ActiveCfg = Release|Any CPU
		{08C9E7B6-36E8-4806-B9C6-140CA94B07FF}.Release|Any CPU.Build.0 = Release|Any CPU
	EndGlobalSection
	GlobalSection(SolutionProperties) = preSolution
		HideSolutionNode = FALSE
	EndGlobalSection
	GlobalSection(ExtensibilityGlobals) = postSolution
		SolutionGuid = {DE76723D-0D80-41E5-AE3D-45FBCCFD827B}
	EndGlobalSection
EndGlobal
